github.com/davecgh/go-spew v1.1.1 h1:vj9j/u1bqnvCEfJOwUhtlOARqs3+rkHYY13jYWTU97c=
github.com/davecgh/go-spew v1.1.1/go.mod h1:J7Y8YcW2NihsgmVo/mv3lAwl/skON4iLHjSsI+c5H38=
github.com/pmezard/go-difflib v1.0.0 h1:4DBwDE0NGyQoBHbLQYPwSUPoCMWR5BEzIk/f1lZbAQM=
github.com/pmezard/go-difflib v1.0.0/go.mod h1:iKH77koFhYxTK1pcRnkKkqfTogsbg7gZNVY4sRDYZ/4=
github.com/stretchr/testify v1.10.0 h1:Xv5erBjTwe/5IxqUQTdXv5kgmIvbHo3QQyRwhJsOfJA=
github.com/stretchr/testify v1.10.0/go.mod h1:r2ic/lqez/lEtzL7wO/rwa5dbSLXVDPFyf8C91i36aY=
github.com/tekkamanendless/httperror v1.0.1 h1:lKf7qlWcb6Khdxj8ZY3H2GdBX30+J1ACMNgb8jnNr8Y=
github.com/tekkamanendless/httperror v1.0.1/go.mod h1:tYTDnOTP2Av5x3e2CUf9t671QPMIJvgS/8ErXGQ4pK0=
github.com/threatmate/restapiclient v0.2.1 h1:dcsz3A9KIRsK4CslntfDV0hO+IY80NM4MfxdkrOH1hg=
github.com/threatmate/restapiclient v0.2.1/go.mod h1:zFjPimq8RJ3hRSu4yxs0b0g05cBHWT0/cE72gMAu36Y=
gopkg.in/yaml.v3 v3.0.1 h1:fxVm/GzAzEWqLHuvctI91KS9hhNmmWOoWu0XTYJS7CA=
gopkg.in/yaml.v3 v3.0.1/go.mod h1:K4uyk7z7BCEPqu6E+C64Yfv1cQ7kz7rIZviUmN+EgEM=
